
Microsoft Visual Studio Solution File, Format Version 12.00
# Visual Studio Express 2012 for Windows Desktop
Project("{FAE04EC0-301F-11D3-BF4B-00C04F79EFBC}") = "MiCalculadora2D", "MiCalculadora2D\MiCalculadora2D.csproj", "{D191D8A8-F7DC-4955-B5D4-7C1C8FDBA07A}"
EndProject
Global
	GlobalSection(SolutionConfigurationPlatforms) = preSolution
		Debug|Any CPU = Debug|Any CPU
		Release|Any CPU = Release|Any CPU
	EndGlobalSection
	GlobalSection(ProjectConfigurationPlatforms) = postSolution
		{D191D8A8-F7DC-4955-B5D4-7C1C8FDBA07A}.Debug|Any CPU.ActiveCfg = Debug|Any CPU
		{D191D8A8-F7DC-4955-B5D4-7C1C8FDBA07A}.Debug|Any CPU.Build.0 = Debug|Any CPU
		{D191D8A8-F7DC-4955-B5D4-7C1C8FDBA07A}.Release|Any CPU.ActiveCfg = Release|Any CPU
		{D191D8A8-F7DC-4955-B5D4-7C1C8FDBA07A}.Release|Any CPU.Build.0 = Release|Any CPU
	EndGlobalSection
	GlobalSection(SolutionProperties) = preSolution
		HideSolutionNode = FALSE
	EndGlobalSection
EndGlobal
